// !$*UTF8*$!
{
	archiveVersion = 1;
	classes = {
	};
	objectVersion = 77;
	objects = {

/* Begin PBXBuildFile section */
		1623BF8F2DC3FEE6000AEDFF /* Assets.xcassets in Resources */ = {isa = PBXBuildFile; fileRef = 1623BF8C2DC3FEE6000AEDFF /* Assets.xcassets */; };
		1623BF902DC3FEE6000AEDFF /* AndantindexApp.swift in Sources */ = {isa = PBXBuildFile; fileRef = 1623BF8B2DC3FEE6000AEDFF /* AndantindexApp.swift */; };
		1623BF912DC3FEE6000AEDFF /* HomeView.swift in Sources */ = {isa = PBXBuildFile; fileRef = 1623BF8D2DC3FEE6000AEDFF /* HomeView.swift */; };
		1623BF982DC3FFBA000AEDFF /* Composer.swift in Sources */ = {isa = PBXBuildFile; fileRef = 1623BF972DC3FFBA000AEDFF /* Composer.swift */; };
		1623BF9E2DC40146000AEDFF /* FavouriteComposerView.swift in Sources */ = {isa = PBXBuildFile; fileRef = 1623BF9D2DC40140000AEDFF /* FavouriteComposerView.swift */; };
		1623BFA32DC4030E000AEDFF /* ComposerViewModel.swift in Sources */ = {isa = PBXBuildFile; fileRef = 1623BFA22DC4030E000AEDFF /* ComposerViewModel.swift */; };
		1623BFA52DC41009000AEDFF /* ComposerListView.swift in Sources */ = {isa = PBXBuildFile; fileRef = 1623BFA42DC41007000AEDFF /* ComposerListView.swift */; };
		1639DF6C2DC6D33800AC1D12 /* IndexTabView.swift in Sources */ = {isa = PBXBuildFile; fileRef = 1639DF6B2DC6D33300AC1D12 /* IndexTabView.swift */; };
		1639DF6E2DC6D36000AC1D12 /* NameListView.swift in Sources */ = {isa = PBXBuildFile; fileRef = 1639DF6D2DC6D35A00AC1D12 /* NameListView.swift */; };
		1639DF702DC6D36C00AC1D12 /* PeriodListView.swift in Sources */ = {isa = PBXBuildFile; fileRef = 1639DF6F2DC6D36900AC1D12 /* PeriodListView.swift */; };
		1664B40C2DC5ACD30097608C /* ComposerDetailView.swift in Sources */ = {isa = PBXBuildFile; fileRef = 1664B40B2DC5ACD30097608C /* ComposerDetailView.swift */; };
		1664B40E2DC5B43E0097608C /* Work.swift in Sources */ = {isa = PBXBuildFile; fileRef = 1664B40D2DC5B43C0097608C /* Work.swift */; };
		1664B4102DC5B5480097608C /* WorkListView.swift in Sources */ = {isa = PBXBuildFile; fileRef = 1664B40F2DC5B5480097608C /* WorkListView.swift */; };
		169BA4FD2DE2929C00928170 /* SharedFunctionsAndConstants.swift in Sources */ = {isa = PBXBuildFile; fileRef = 169BA4FC2DE2929C00928170 /* SharedFunctionsAndConstants.swift */; };
		16B8EC052DDE32110094BE59 /* WorkViewModel.swift in Sources */ = {isa = PBXBuildFile; fileRef = 16B8EC042DDE32110094BE59 /* WorkViewModel.swift */; };
		16B8EC092DDE34EE0094BE59 /* WorkResponse.swift in Sources */ = {isa = PBXBuildFile; fileRef = 16B8EC082DDE34EE0094BE59 /* WorkResponse.swift */; };
		16BB5B0B2DCE7385002DD9C1 /* README.md in Resources */ = {isa = PBXBuildFile; fileRef = 16BB5B0A2DCE737A002DD9C1 /* README.md */; };
/* End PBXBuildFile section */

/* Begin PBXFileReference section */
		1623BF7D2DC3FEB2000AEDFF /* Andantindex.app */ = {isa = PBXFileReference; explicitFileType = wrapper.application; includeInIndex = 0; path = Andantindex.app; sourceTree = BUILT_PRODUCTS_DIR; };
		1623BF8B2DC3FEE6000AEDFF /* AndantindexApp.swift */ = {isa = PBXFileReference; lastKnownFileType = sourcecode.swift; path = AndantindexApp.swift; sourceTree = "<group>"; };
		1623BF8C2DC3FEE6000AEDFF /* Assets.xcassets */ = {isa = PBXFileReference; lastKnownFileType = folder.assetcatalog; path = Assets.xcassets; sourceTree = "<group>"; };
		1623BF8D2DC3FEE6000AEDFF /* HomeView.swift */ = {isa = PBXFileReference; lastKnownFileType = sourcecode.swift; path = HomeView.swift; sourceTree = "<group>"; };
		1623BF972DC3FFBA000AEDFF /* Composer.swift */ = {isa = PBXFileReference; lastKnownFileType = sourcecode.swift; path = Composer.swift; sourceTree = "<group>"; };
		1623BF9D2DC40140000AEDFF /* FavouriteComposerView.swift */ = {isa = PBXFileReference; lastKnownFileType = sourcecode.swift; path = FavouriteComposerView.swift; sourceTree = "<group>"; };
		1623BFA22DC4030E000AEDFF /* ComposerViewModel.swift */ = {isa = PBXFileReference; lastKnownFileType = sourcecode.swift; path = ComposerViewModel.swift; sourceTree = "<group>"; };
		1623BFA42DC41007000AEDFF /* ComposerListView.swift */ = {isa = PBXFileReference; lastKnownFileType = sourcecode.swift; path = ComposerListView.swift; sourceTree = "<group>"; };
		1639DF6B2DC6D33300AC1D12 /* IndexTabView.swift */ = {isa = PBXFileReference; lastKnownFileType = sourcecode.swift; path = IndexTabView.swift; sourceTree = "<group>"; };
		1639DF6D2DC6D35A00AC1D12 /* NameListView.swift */ = {isa = PBXFileReference; lastKnownFileType = sourcecode.swift; path = NameListView.swift; sourceTree = "<group>"; };
		1639DF6F2DC6D36900AC1D12 /* PeriodListView.swift */ = {isa = PBXFileReference; lastKnownFileType = sourcecode.swift; path = PeriodListView.swift; sourceTree = "<group>"; };
		1664B40B2DC5ACD30097608C /* ComposerDetailView.swift */ = {isa = PBXFileReference; lastKnownFileType = sourcecode.swift; path = ComposerDetailView.swift; sourceTree = "<group>"; };
		1664B40D2DC5B43C0097608C /* Work.swift */ = {isa = PBXFileReference; lastKnownFileType = sourcecode.swift; path = Work.swift; sourceTree = "<group>"; };
		1664B40F2DC5B5480097608C /* WorkListView.swift */ = {isa = PBXFileReference; lastKnownFileType = sourcecode.swift; path = WorkListView.swift; sourceTree = "<group>"; };
		169BA4FC2DE2929C00928170 /* SharedFunctionsAndConstants.swift */ = {isa = PBXFileReference; lastKnownFileType = sourcecode.swift; path = SharedFunctionsAndConstants.swift; sourceTree = "<group>"; };
		16B8EC042DDE32110094BE59 /* WorkViewModel.swift */ = {isa = PBXFileReference; lastKnownFileType = sourcecode.swift; path = WorkViewModel.swift; sourceTree = "<group>"; };
		16B8EC082DDE34EE0094BE59 /* WorkResponse.swift */ = {isa = PBXFileReference; lastKnownFileType = sourcecode.swift; path = WorkResponse.swift; sourceTree = "<group>"; };
		16BB5B0A2DCE737A002DD9C1 /* README.md */ = {isa = PBXFileReference; lastKnownFileType = net.daringfireball.markdown; path = README.md; sourceTree = "<group>"; };
/* End PBXFileReference section */

/* Begin PBXFrameworksBuildPhase section */
		1623BF7A2DC3FEB2000AEDFF /* Frameworks */ = {
			isa = PBXFrameworksBuildPhase;
			buildActionMask = 2147483647;
			files = (
			);
			runOnlyForDeploymentPostprocessing = 0;
		};
/* End PBXFrameworksBuildPhase section */

/* Begin PBXGroup section */
		1623BF742DC3FEB2000AEDFF = {
			isa = PBXGroup;
			children = (
				1623BF8E2DC3FEE6000AEDFF /* Andantindex */,
				1623BF7E2DC3FEB2000AEDFF /* Products */,
			);
			sourceTree = "<group>";
		};
		1623BF7E2DC3FEB2000AEDFF /* Products */ = {
			isa = PBXGroup;
			children = (
				1623BF7D2DC3FEB2000AEDFF /* Andantindex.app */,
			);
			name = Products;
			sourceTree = "<group>";
		};
		1623BF8E2DC3FEE6000AEDFF /* Andantindex */ = {
			isa = PBXGroup;
			children = (
				16BB5B0A2DCE737A002DD9C1 /* README.md */,
				1623BF8B2DC3FEE6000AEDFF /* AndantindexApp.swift */,
				169BA4F92DE2926D00928170 /* Shared */,
				1623BF932DC3FEF2000AEDFF /* Models */,
				1623BF9F2DC402E4000AEDFF /* ViewModels */,
				1623BF922DC3FEEC000AEDFF /* Views */,
				169BA4FE2DE2A44700928170 /* Helpers */,
				1623BF8C2DC3FEE6000AEDFF /* Assets.xcassets */,
			);
			path = Andantindex;
			sourceTree = "<group>";
		};
		1623BF922DC3FEEC000AEDFF /* Views */ = {
			isa = PBXGroup;
			children = (
				1623BF8D2DC3FEE6000AEDFF /* HomeView.swift */,
				1639DF6B2DC6D33300AC1D12 /* IndexTabView.swift */,
				1623BF9D2DC40140000AEDFF /* FavouriteComposerView.swift */,
			);
			path = Views;
			sourceTree = "<group>";
		};
		1623BF932DC3FEF2000AEDFF /* Models */ = {
			isa = PBXGroup;
			children = (
				1623BF972DC3FFBA000AEDFF /* Composer.swift */,
				1664B40D2DC5B43C0097608C /* Work.swift */,
				16B8EC082DDE34EE0094BE59 /* WorkResponse.swift */,
			);
			path = Models;
			sourceTree = "<group>";
		};
		1623BF9F2DC402E4000AEDFF /* ViewModels */ = {
			isa = PBXGroup;
			children = (
				16B8EC042DDE32110094BE59 /* WorkViewModel.swift */,
				1623BFA22DC4030E000AEDFF /* ComposerViewModel.swift */,
			);
			path = ViewModels;
			sourceTree = "<group>";
		};
		169BA4F92DE2926D00928170 /* Shared */ = {
			isa = PBXGroup;
			children = (
				169BA4FC2DE2929C00928170 /* SharedFunctionsAndConstants.swift */,
			);
			path = Shared;
			sourceTree = "<group>";
		};
		169BA4FE2DE2A44700928170 /* Helpers */ = {
			isa = PBXGroup;
			children = (
				1639DF6D2DC6D35A00AC1D12 /* NameListView.swift */,
				1639DF6F2DC6D36900AC1D12 /* PeriodListView.swift */,
				1623BFA42DC41007000AEDFF /* ComposerListView.swift */,
				1664B40B2DC5ACD30097608C /* ComposerDetailView.swift */,
				1664B40F2DC5B5480097608C /* WorkListView.swift */,
			);
			path = Helpers;
			sourceTree = "<group>";
		};
/* End PBXGroup section */

/* Begin PBXNativeTarget section */
		1623BF7C2DC3FEB2000AEDFF /* Andantindex */ = {
			isa = PBXNativeTarget;
			buildConfigurationList = 1623BF882DC3FEB2000AEDFF /* Build configuration list for PBXNativeTarget "Andantindex" */;
			buildPhases = (
				1623BF792DC3FEB2000AEDFF /* Sources */,
				1623BF7A2DC3FEB2000AEDFF /* Frameworks */,
				1623BF7B2DC3FEB2000AEDFF /* Resources */,
			);
			buildRules = (
			);
			dependencies = (
			);
			name = Andantindex;
			packageProductDependencies = (
			);
			productName = Andantindex;
			productReference = 1623BF7D2DC3FEB2000AEDFF /* Andantindex.app */;
			productType = "com.apple.product-type.application";
		};
/* End PBXNativeTarget section */

/* Begin PBXProject section */
		1623BF752DC3FEB2000AEDFF /* Project object */ = {
			isa = PBXProject;
			attributes = {
				BuildIndependentTargetsInParallel = 1;
				LastSwiftUpdateCheck = 1630;
				LastUpgradeCheck = 1630;
				TargetAttributes = {
					1623BF7C2DC3FEB2000AEDFF = {
						CreatedOnToolsVersion = 16.3;
					};
				};
			};
			buildConfigurationList = 1623BF782DC3FEB2000AEDFF /* Build configuration list for PBXProject "Andantindex" */;
			developmentRegion = en;
			hasScannedForEncodings = 0;
			knownRegions = (
				en,
				Base,
			);
			mainGroup = 1623BF742DC3FEB2000AEDFF;
			minimizedProjectReferenceProxies = 1;
			preferredProjectObjectVersion = 77;
			productRefGroup = 1623BF7E2DC3FEB2000AEDFF /* Products */;
			projectDirPath = "";
			projectRoot = "";
			targets = (
				1623BF7C2DC3FEB2000AEDFF /* Andantindex */,
			);
		};
/* End PBXProject section */

/* Begin PBXResourcesBuildPhase section */
		1623BF7B2DC3FEB2000AEDFF /* Resources */ = {
			isa = PBXResourcesBuildPhase;
			buildActionMask = 2147483647;
			files = (
				16BB5B0B2DCE7385002DD9C1 /* README.md in Resources */,
				1623BF8F2DC3FEE6000AEDFF /* Assets.xcassets in Resources */,
			);
			runOnlyForDeploymentPostprocessing = 0;
		};
/* End PBXResourcesBuildPhase section */

/* Begin PBXSourcesBuildPhase section */
		1623BF792DC3FEB2000AEDFF /* Sources */ = {
			isa = PBXSourcesBuildPhase;
			buildActionMask = 2147483647;
			files = (
				1664B4102DC5B5480097608C /* WorkListView.swift in Sources */,
				1664B40C2DC5ACD30097608C /* ComposerDetailView.swift in Sources */,
				1623BFA52DC41009000AEDFF /* ComposerListView.swift in Sources */,
				1639DF702DC6D36C00AC1D12 /* PeriodListView.swift in Sources */,
				1664B40E2DC5B43E0097608C /* Work.swift in Sources */,
				1623BFA32DC4030E000AEDFF /* ComposerViewModel.swift in Sources */,
				1639DF6C2DC6D33800AC1D12 /* IndexTabView.swift in Sources */,
				1639DF6E2DC6D36000AC1D12 /* NameListView.swift in Sources */,
				1623BF902DC3FEE6000AEDFF /* AndantindexApp.swift in Sources */,
				16B8EC052DDE32110094BE59 /* WorkViewModel.swift in Sources */,
				1623BF912DC3FEE6000AEDFF /* HomeView.swift in Sources */,
				1623BF982DC3FFBA000AEDFF /* Composer.swift in Sources */,
				169BA4FD2DE2929C00928170 /* SharedFunctionsAndConstants.swift in Sources */,
				1623BF9E2DC40146000AEDFF /* FavouriteComposerView.swift in Sources */,
				16B8EC092DDE34EE0094BE59 /* WorkResponse.swift in Sources */,
			);
			runOnlyForDeploymentPostprocessing = 0;
		};
/* End PBXSourcesBuildPhase section */

/* Begin XCBuildConfiguration section */
		1623BF862DC3FEB2000AEDFF /* Debug */ = {
			isa = XCBuildConfiguration;
			buildSettings = {
				ALWAYS_SEARCH_USER_PATHS = NO;
				ASSETCATALOG_COMPILER_GENERATE_SWIFT_ASSET_SYMBOL_EXTENSIONS = YES;
				CLANG_ANALYZER_NONNULL = YES;
				CLANG_ANALYZER_NUMBER_OBJECT_CONVERSION = YES_AGGRESSIVE;
				CLANG_CXX_LANGUAGE_STANDARD = "gnu++20";
				CLANG_ENABLE_MODULES = YES;
				CLANG_ENABLE_OBJC_ARC = YES;
				CLANG_ENABLE_OBJC_WEAK = YES;
				CLANG_WARN_BLOCK_CAPTURE_AUTORELEASING = YES;
				CLANG_WARN_BOOL_CONVERSION = YES;
				CLANG_WARN_COMMA = YES;
				CLANG_WARN_CONSTANT_CONVERSION = YES;
				CLANG_WARN_DEPRECATED_OBJC_IMPLEMENTATIONS = YES;
				CLANG_WARN_DIRECT_OBJC_ISA_USAGE = YES_ERROR;
				CLANG_WARN_DOCUMENTATION_COMMENTS = YES;
				CLANG_WARN_EMPTY_BODY = YES;
				CLANG_WARN_ENUM_CONVERSION = YES;
				CLANG_WARN_INFINITE_RECURSION = YES;
				CLANG_WARN_INT_CONVERSION = YES;
				CLANG_WARN_NON_LITERAL_NULL_CONVERSION = YES;
				CLANG_WARN_OBJC_IMPLICIT_RETAIN_SELF = YES;
				CLANG_WARN_OBJC_LITERAL_CONVERSION = YES;
				CLANG_WARN_OBJC_ROOT_CLASS = YES_ERROR;
				CLANG_WARN_QUOTED_INCLUDE_IN_FRAMEWORK_HEADER = YES;
				CLANG_WARN_RANGE_LOOP_ANALYSIS = YES;
				CLANG_WARN_STRICT_PROTOTYPES = YES;
				CLANG_WARN_SUSPICIOUS_MOVE = YES;
				CLANG_WARN_UNGUARDED_AVAILABILITY = YES_AGGRESSIVE;
				CLANG_WARN_UNREACHABLE_CODE = YES;
				CLANG_WARN__DUPLICATE_METHOD_MATCH = YES;
				COPY_PHASE_STRIP = NO;
				DEBUG_INFORMATION_FORMAT = dwarf;
				ENABLE_STRICT_OBJC_MSGSEND = YES;
				ENABLE_TESTABILITY = YES;
				ENABLE_USER_SCRIPT_SANDBOXING = YES;
				GCC_C_LANGUAGE_STANDARD = gnu17;
				GCC_DYNAMIC_NO_PIC = NO;
				GCC_NO_COMMON_BLOCKS = YES;
				GCC_OPTIMIZATION_LEVEL = 0;
				GCC_PREPROCESSOR_DEFINITIONS = (
					"DEBUG=1",
					"$(inherited)",
				);
				GCC_WARN_64_TO_32_BIT_CONVERSION = YES;
				GCC_WARN_ABOUT_RETURN_TYPE = YES_ERROR;
				GCC_WARN_UNDECLARED_SELECTOR = YES;
				GCC_WARN_UNINITIALIZED_AUTOS = YES_AGGRESSIVE;
				GCC_WARN_UNUSED_FUNCTION = YES;
				GCC_WARN_UNUSED_VARIABLE = YES;
				IPHONEOS_DEPLOYMENT_TARGET = 18.4;
				LOCALIZATION_PREFERS_STRING_CATALOGS = YES;
				MTL_ENABLE_DEBUG_INFO = INCLUDE_SOURCE;
				MTL_FAST_MATH = YES;
				ONLY_ACTIVE_ARCH = YES;
				SDKROOT = iphoneos;
				SWIFT_ACTIVE_COMPILATION_CONDITIONS = "DEBUG $(inherited)";
				SWIFT_OPTIMIZATION_LEVEL = "-Onone";
			};
			name = Debug;
		};
		1623BF872DC3FEB2000AEDFF /* Release */ = {
			isa = XCBuildConfiguration;
			buildSettings = {
				ALWAYS_SEARCH_USER_PATHS = NO;
				ASSETCATALOG_COMPILER_GENERATE_SWIFT_ASSET_SYMBOL_EXTENSIONS = YES;
				CLANG_ANALYZER_NONNULL = YES;
				CLANG_ANALYZER_NUMBER_OBJECT_CONVERSION = YES_AGGRESSIVE;
				CLANG_CXX_LANGUAGE_STANDARD = "gnu++20";
				CLANG_ENABLE_MODULES = YES;
				CLANG_ENABLE_OBJC_ARC = YES;
				CLANG_ENABLE_OBJC_WEAK = YES;
				CLANG_WARN_BLOCK_CAPTURE_AUTORELEASING = YES;
				CLANG_WARN_BOOL_CONVERSION = YES;
				CLANG_WARN_COMMA = YES;
				CLANG_WARN_CONSTANT_CONVERSION = YES;
				CLANG_WARN_DEPRECATED_OBJC_IMPLEMENTATIONS = YES;
				CLANG_WARN_DIRECT_OBJC_ISA_USAGE = YES_ERROR;
				CLANG_WARN_DOCUMENTATION_COMMENTS = YES;
				CLANG_WARN_EMPTY_BODY = YES;
				CLANG_WARN_ENUM_CONVERSION = YES;
				CLANG_WARN_INFINITE_RECURSION = YES;
				CLANG_WARN_INT_CONVERSION = YES;
				CLANG_WARN_NON_LITERAL_NULL_CONVERSION = YES;
				CLANG_WARN_OBJC_IMPLICIT_RETAIN_SELF = YES;
				CLANG_WARN_OBJC_LITERAL_CONVERSION = YES;
				CLANG_WARN_OBJC_ROOT_CLASS = YES_ERROR;
				CLANG_WARN_QUOTED_INCLUDE_IN_FRAMEWORK_HEADER = YES;
				CLANG_WARN_RANGE_LOOP_ANALYSIS = YES;
				CLANG_WARN_STRICT_PROTOTYPES = YES;
				CLANG_WARN_SUSPICIOUS_MOVE = YES;
				CLANG_WARN_UNGUARDED_AVAILABILITY = YES_AGGRESSIVE;
				CLANG_WARN_UNREACHABLE_CODE = YES;
				CLANG_WARN__DUPLICATE_METHOD_MATCH = YES;
				COPY_PHASE_STRIP = NO;
				DEBUG_INFORMATION_FORMAT = "dwarf-with-dsym";
				ENABLE_NS_ASSERTIONS = NO;
				ENABLE_STRICT_OBJC_MSGSEND = YES;
				ENABLE_USER_SCRIPT_SANDBOXING = YES;
				GCC_C_LANGUAGE_STANDARD = gnu17;
				GCC_NO_COMMON_BLOCKS = YES;
				GCC_WARN_64_TO_32_BIT_CONVERSION = YES;
				GCC_WARN_ABOUT_RETURN_TYPE = YES_ERROR;
				GCC_WARN_UNDECLARED_SELECTOR = YES;
				GCC_WARN_UNINITIALIZED_AUTOS = YES_AGGRESSIVE;
				GCC_WARN_UNUSED_FUNCTION = YES;
				GCC_WARN_UNUSED_VARIABLE = YES;
				IPHONEOS_DEPLOYMENT_TARGET = 18.4;
				LOCALIZATION_PREFERS_STRING_CATALOGS = YES;
				MTL_ENABLE_DEBUG_INFO = NO;
				MTL_FAST_MATH = YES;
				SDKROOT = iphoneos;
				SWIFT_COMPILATION_MODE = wholemodule;
				VALIDATE_PRODUCT = YES;
			};
			name = Release;
		};
		1623BF892DC3FEB2000AEDFF /* Debug */ = {
			isa = XCBuildConfiguration;
			buildSettings = {
				ASSETCATALOG_COMPILER_APPICON_NAME = AppIcon;
				ASSETCATALOG_COMPILER_GLOBAL_ACCENT_COLOR_NAME = AccentColor;
				CODE_SIGN_STYLE = Automatic;
				CURRENT_PROJECT_VERSION = 1;
				DEVELOPMENT_TEAM = 4UG443984D;
				ENABLE_PREVIEWS = YES;
				GENERATE_INFOPLIST_FILE = YES;
				INFOPLIST_KEY_UIApplicationSceneManifest_Generation = YES;
				INFOPLIST_KEY_UIApplicationSupportsIndirectInputEvents = YES;
				INFOPLIST_KEY_UILaunchScreen_Generation = YES;
				INFOPLIST_KEY_UISupportedInterfaceOrientations_iPad = "UIInterfaceOrientationPortrait UIInterfaceOrientationPortraitUpsideDown UIInterfaceOrientationLandscapeLeft UIInterfaceOrientationLandscapeRight";
				INFOPLIST_KEY_UISupportedInterfaceOrientations_iPhone = "UIInterfaceOrientationPortrait UIInterfaceOrientationLandscapeLeft UIInterfaceOrientationLandscapeRight";
				IPHONEOS_DEPLOYMENT_TARGET = 18.0;
				LD_RUNPATH_SEARCH_PATHS = (
					"$(inherited)",
					"@executable_path/Frameworks",
				);
				MARKETING_VERSION = 1.0;
				PRODUCT_BUNDLE_IDENTIFIER = ca.couragezeng.Andantindex;
				PRODUCT_NAME = "$(TARGET_NAME)";
				SWIFT_EMIT_LOC_STRINGS = YES;
				SWIFT_VERSION = 5.0;
				TARGETED_DEVICE_FAMILY = "1,2";
			};
			name = Debug;
		};
		1623BF8A2DC3FEB2000AEDFF /* Release */ = {
			isa = XCBuildConfiguration;
			buildSettings = {
				ASSETCATALOG_COMPILER_APPICON_NAME = AppIcon;
				ASSETCATALOG_COMPILER_GLOBAL_ACCENT_COLOR_NAME = AccentColor;
				CODE_SIGN_STYLE = Automatic;
				CURRENT_PROJECT_VERSION = 1;
				DEVELOPMENT_TEAM = 4UG443984D;
				ENABLE_PREVIEWS = YES;
				GENERATE_INFOPLIST_FILE = YES;
				INFOPLIST_KEY_UIApplicationSceneManifest_Generation = YES;
				INFOPLIST_KEY_UIApplicationSupportsIndirectInputEvents = YES;
				INFOPLIST_KEY_UILaunchScreen_Generation = YES;
				INFOPLIST_KEY_UISupportedInterfaceOrientations_iPad = "UIInterfaceOrientationPortrait UIInterfaceOrientationPortraitUpsideDown UIInterfaceOrientationLandscapeLeft UIInterfaceOrientationLandscapeRight";
				INFOPLIST_KEY_UISupportedInterfaceOrientations_iPhone = "UIInterfaceOrientationPortrait UIInterfaceOrientationLandscapeLeft UIInterfaceOrientationLandscapeRight";
				IPHONEOS_DEPLOYMENT_TARGET = 18.0;
				LD_RUNPATH_SEARCH_PATHS = (
					"$(inherited)",
					"@executable_path/Frameworks",
				);
				MARKETING_VERSION = 1.0;
				PRODUCT_BUNDLE_IDENTIFIER = ca.couragezeng.Andantindex;
				PRODUCT_NAME = "$(TARGET_NAME)";
				SWIFT_EMIT_LOC_STRINGS = YES;
				SWIFT_VERSION = 5.0;
				TARGETED_DEVICE_FAMILY = "1,2";
			};
			name = Release;
		};
/* End XCBuildConfiguration section */

/* Begin XCConfigurationList section */
		1623BF782DC3FEB2000AEDFF /* Build configuration list for PBXProject "Andantindex" */ = {
			isa = XCConfigurationList;
			buildConfigurations = (
				1623BF862DC3FEB2000AEDFF /* Debug */,
				1623BF872DC3FEB2000AEDFF /* Release */,
			);
			defaultConfigurationIsVisible = 0;
			defaultConfigurationName = Release;
		};
		1623BF882DC3FEB2000AEDFF /* Build configuration list for PBXNativeTarget "Andantindex" */ = {
			isa = XCConfigurationList;
			buildConfigurations = (
				1623BF892DC3FEB2000AEDFF /* Debug */,
				1623BF8A2DC3FEB2000AEDFF /* Release */,
			);
			defaultConfigurationIsVisible = 0;
			defaultConfigurationName = Release;
		};
/* End XCConfigurationList section */
	};
	rootObject = 1623BF752DC3FEB2000AEDFF /* Project object */;
}
